
Microsoft Visual Studio Solution File, Format Version 12.00
# Visual Studio Version 16
VisualStudioVersion = 16.0.29905.134
MinimumVisualStudioVersion = 10.0.40219.1
Project("{FAE04EC0-301F-11D3-BF4B-00C04F79EFBC}") = "LandingGenerator", "LandingGenerator.csproj", "{70CFAD6D-5A48-44ED-913D-CD53F7379FBF}"
EndProject
Global
	GlobalSection(SolutionConfigurationPlatforms) = preSolution
		Debug|Any CPU = Debug|Any CPU
		Debug|x64 = Debug|x64
		Release|Any CPU = Release|Any CPU
		Release|x64 = Release|x64
	EndGlobalSection
	GlobalSection(ProjectConfigurationPlatforms) = postSolution
		{70CFAD6D-5A48-44ED-913D-CD53F7379FBF}.Debug|Any CPU.ActiveCfg = Debug|Any CPU
		{70CFAD6D-5A48-44ED-913D-CD53F7379FBF}.Debug|Any CPU.Build.0 = Debug|Any CPU
		{70CFAD6D-5A48-44ED-913D-CD53F7379FBF}.Debug|x64.ActiveCfg = Debug|x64
		{70CFAD6D-5A48-44ED-913D-CD53F7379FBF}.Debug|x64.Build.0 = Debug|x64
		{70CFAD6D-5A48-44ED-913D-CD53F7379FBF}.Release|Any CPU.ActiveCfg = Release|Any CPU
		{70CFAD6D-5A48-44ED-913D-CD53F7379FBF}.Release|Any CPU.Build.0 = Release|Any CPU
		{70CFAD6D-5A48-44ED-913D-CD53F7379FBF}.Release|x64.ActiveCfg = Release|x64
		{70CFAD6D-5A48-44ED-913D-CD53F7379FBF}.Release|x64.Build.0 = Release|x64
	EndGlobalSection
	GlobalSection(SolutionProperties) = preSolution
		HideSolutionNode = FALSE
	EndGlobalSection
	GlobalSection(ExtensibilityGlobals) = postSolution
		SolutionGuid = {912D7A5B-9AB8-479B-ACA6-0D5BE4F6CB7F}
	EndGlobalSection
EndGlobal
